
Microsoft Visual Studio Solution File, Format Version 12.00
# Visual Studio Version 17
VisualStudioVersion = 17.4.33205.214
MinimumVisualStudioVersion = 10.0.40219.1
Project("{FAE04EC0-301F-11D3-BF4B-00C04F79EFBC}") = "Customers.Api", "Customers.Api\Customers.Api.csproj", "{8E81A17B-25A2-45E1-926A-2168A4C3F6F2}"
EndProject
Global
	GlobalSection(SolutionConfigurationPlatforms) = preSolution
		Debug|Any CPU = Debug|Any CPU
		Release|Any CPU = Release|Any CPU
	EndGlobalSection
	GlobalSection(ProjectConfigurationPlatforms) = postSolution
		{8E81A17B-25A2-45E1-926A-2168A4C3F6F2}.Debug|Any CPU.ActiveCfg = Debug|Any CPU
		{8E81A17B-25A2-45E1-926A-2168A4C3F6F2}.Debug|Any CPU.Build.0 = Debug|Any CPU
		{8E81A17B-25A2-45E1-926A-2168A4C3F6F2}.Release|Any CPU.ActiveCfg = Release|Any CPU
		{8E81A17B-25A2-45E1-926A-2168A4C3F6F2}.Release|Any CPU.Build.0 = Release|Any CPU
	EndGlobalSection
	GlobalSection(SolutionProperties) = preSolution
		HideSolutionNode = FALSE
	EndGlobalSection
	GlobalSection(ExtensibilityGlobals) = postSolution
		SolutionGuid = {3125BB8A-519B-49CB-B704-F229B4A658B9}
	EndGlobalSection
EndGlobal
